// !$*UTF8*$!
{
	archiveVersion = 1;
	classes = {
	};
	objectVersion = 48;
	objects = {

/* Begin PBXBuildFile section */
		892B01701FBE0D700040419F /* HypnosisView.m in Sources */ = {isa = PBXBuildFile; fileRef = 892B016F1FBE0D700040419F /* HypnosisView.m */; };
		8967C6911FBB8BE3001F1A32 /* AppDelegate.m in Sources */ = {isa = PBXBuildFile; fileRef = 8967C6901FBB8BE3001F1A32 /* AppDelegate.m */; };
		8967C6971FBB8BE3001F1A32 /* Main.storyboard in Resources */ = {isa = PBXBuildFile; fileRef = 8967C6951FBB8BE3001F1A32 /* Main.storyboard */; };
		8967C6991FBB8BE3001F1A32 /* Assets.xcassets in Resources */ = {isa = PBXBuildFile; fileRef = 8967C6981FBB8BE3001F1A32 /* Assets.xcassets */; };
		8967C69C1FBB8BE3001F1A32 /* LaunchScreen.storyboard in Resources */ = {isa = PBXBuildFile; fileRef = 8967C69A1FBB8BE3001F1A32 /* LaunchScreen.storyboard */; };
		8967C69F1FBB8BE3001F1A32 /* main.m in Sources */ = {isa = PBXBuildFile; fileRef = 8967C69E1FBB8BE3001F1A32 /* main.m */; };
/* End PBXBuildFile section */

/* Begin PBXFileReference section */
		892B016E1FBE0D700040419F /* HypnosisView.h */ = {isa = PBXFileReference; lastKnownFileType = sourcecode.c.h; path = HypnosisView.h; sourceTree = "<group>"; };
		892B016F1FBE0D700040419F /* HypnosisView.m */ = {isa = PBXFileReference; lastKnownFileType = sourcecode.c.objc; path = HypnosisView.m; sourceTree = "<group>"; };
		8967C68C1FBB8BE3001F1A32 /* Hypnosister.app */ = {isa = PBXFileReference; explicitFileType = wrapper.application; includeInIndex = 0; path = Hypnosister.app; sourceTree = BUILT_PRODUCTS_DIR; };
		8967C68F1FBB8BE3001F1A32 /* AppDelegate.h */ = {isa = PBXFileReference; lastKnownFileType = sourcecode.c.h; path = AppDelegate.h; sourceTree = "<group>"; };
		8967C6901FBB8BE3001F1A32 /* AppDelegate.m */ = {isa = PBXFileReference; lastKnownFileType = sourcecode.c.objc; path = AppDelegate.m; sourceTree = "<group>"; };
		8967C6961FBB8BE3001F1A32 /* Base */ = {isa = PBXFileReference; lastKnownFileType = file.storyboard; name = Base; path = Base.lproj/Main.storyboard; sourceTree = "<group>"; };
		8967C6981FBB8BE3001F1A32 /* Assets.xcassets */ = {isa = PBXFileReference; lastKnownFileType = folder.assetcatalog; path = Assets.xcassets; sourceTree = "<group>"; };
		8967C69B1FBB8BE3001F1A32 /* Base */ = {isa = PBXFileReference; lastKnownFileType = file.storyboard; name = Base; path = Base.lproj/LaunchScreen.storyboard; sourceTree = "<group>"; };
		8967C69D1FBB8BE3001F1A32 /* Info.plist */ = {isa = PBXFileReference; lastKnownFileType = text.plist.xml; path = Info.plist; sourceTree = "<group>"; };
		8967C69E1FBB8BE3001F1A32 /* main.m */ = {isa = PBXFileReference; lastKnownFileType = sourcecode.c.objc; path = main.m; sourceTree = "<group>"; };
/* End PBXFileReference section */

/* Begin PBXFrameworksBuildPhase section */
		8967C6891FBB8BE3001F1A32 /* Frameworks */ = {
			isa = PBXFrameworksBuildPhase;
			buildActionMask = 2147483647;
			files = (
			);
			runOnlyForDeploymentPostprocessing = 0;
		};
/* End PBXFrameworksBuildPhase section */

/* Begin PBXGroup section */
		8967C6831FBB8BE3001F1A32 = {
			isa = PBXGroup;
			children = (
				8967C68E1FBB8BE3001F1A32 /* Hypnosister */,
				8967C68D1FBB8BE3001F1A32 /* Products */,
			);
			sourceTree = "<group>";
		};
		8967C68D1FBB8BE3001F1A32 /* Products */ = {
			isa = PBXGroup;
			children = (
				8967C68C1FBB8BE3001F1A32 /* Hypnosister.app */,
			);
			name = Products;
			sourceTree = "<group>";
		};
		8967C68E1FBB8BE3001F1A32 /* Hypnosister */ = {
			isa = PBXGroup;
			children = (
				8967C69E1FBB8BE3001F1A32 /* main.m */,
				8967C68F1FBB8BE3001F1A32 /* AppDelegate.h */,
				8967C6901FBB8BE3001F1A32 /* AppDelegate.m */,
				892B016E1FBE0D700040419F /* HypnosisView.h */,
				892B016F1FBE0D700040419F /* HypnosisView.m */,
				8967C6951FBB8BE3001F1A32 /* Main.storyboard */,
				8967C6981FBB8BE3001F1A32 /* Assets.xcassets */,
				8967C69A1FBB8BE3001F1A32 /* LaunchScreen.storyboard */,
				8967C69D1FBB8BE3001F1A32 /* Info.plist */,
			);
			path = Hypnosister;
			sourceTree = "<group>";
		};
/* End PBXGroup section */

/* Begin PBXNativeTarget section */
		8967C68B1FBB8BE3001F1A32 /* Hypnosister */ = {
			isa = PBXNativeTarget;
			buildConfigurationList = 8967C6A21FBB8BE3001F1A32 /* Build configuration list for PBXNativeTarget "Hypnosister" */;
			buildPhases = (
				8967C6881FBB8BE3001F1A32 /* Sources */,
				8967C6891FBB8BE3001F1A32 /* Frameworks */,
				8967C68A1FBB8BE3001F1A32 /* Resources */,
			);
			buildRules = (
			);
			dependencies = (
			);
			name = Hypnosister;
			productName = Hypnosister;
			productReference = 8967C68C1FBB8BE3001F1A32 /* Hypnosister.app */;
			productType = "com.apple.product-type.application";
		};
/* End PBXNativeTarget section */

/* Begin PBXProject section */
		8967C6841FBB8BE3001F1A32 /* Project object */ = {
			isa = PBXProject;
			attributes = {
				LastUpgradeCheck = 0910;
				ORGANIZATIONNAME = "Jeff Ripke";
				TargetAttributes = {
					8967C68B1FBB8BE3001F1A32 = {
						CreatedOnToolsVersion = 9.1;
						ProvisioningStyle = Automatic;
					};
				};
			};
			buildConfigurationList = 8967C6871FBB8BE3001F1A32 /* Build configuration list for PBXProject "Hypnosister" */;
			compatibilityVersion = "Xcode 8.0";
			developmentRegion = en;
			hasScannedForEncodings = 0;
			knownRegions = (
				en,
				Base,
			);
			mainGroup = 8967C6831FBB8BE3001F1A32;
			productRefGroup = 8967C68D1FBB8BE3001F1A32 /* Products */;
			projectDirPath = "";
			projectRoot = "";
			targets = (
				8967C68B1FBB8BE3001F1A32 /* Hypnosister */,
			);
		};
/* End PBXProject section */

/* Begin PBXResourcesBuildPhase section */
		8967C68A1FBB8BE3001F1A32 /* Resources */ = {
			isa = PBXResourcesBuildPhase;
			buildActionMask = 2147483647;
			files = (
				8967C69C1FBB8BE3001F1A32 /* LaunchScreen.storyboard in Resources */,
				8967C6991FBB8BE3001F1A32 /* Assets.xcassets in Resources */,
				8967C6971FBB8BE3001F1A32 /* Main.storyboard in Resources */,
			);
			runOnlyForDeploymentPostprocessing = 0;
		};
/* End PBXResourcesBuildPhase section */

/* Begin PBXSourcesBuildPhase section */
		8967C6881FBB8BE3001F1A32 /* Sources */ = {
			isa = PBXSourcesBuildPhase;
			buildActionMask = 2147483647;
			files = (
				8967C69F1FBB8BE3001F1A32 /* main.m in Sources */,
				8967C6911FBB8BE3001F1A32 /* AppDelegate.m in Sources */,
				892B01701FBE0D700040419F /* HypnosisView.m in Sources */,
			);
			runOnlyForDeploymentPostprocessing = 0;
		};
/* End PBXSourcesBuildPhase section */

/* Begin PBXVariantGroup section */
		8967C6951FBB8BE3001F1A32 /* Main.storyboard */ = {
			isa = PBXVariantGroup;
			children = (
				8967C6961FBB8BE3001F1A32 /* Base */,
			);
			name = Main.storyboard;
			sourceTree = "<group>";
		};
		8967C69A1FBB8BE3001F1A32 /* LaunchScreen.storyboard */ = {
			isa = PBXVariantGroup;
			children = (
				8967C69B1FBB8BE3001F1A32 /* Base */,
			);
			name = LaunchScreen.storyboard;
			sourceTree = "<group>";
		};
/* End PBXVariantGroup section */

/* Begin XCBuildConfiguration section */
		8967C6A01FBB8BE3001F1A32 /* Debug */ = {
			isa = XCBuildConfiguration;
			buildSettings = {
				ALWAYS_SEARCH_USER_PATHS = NO;
				CLANG_ANALYZER_NONNULL = YES;
				CLANG_ANALYZER_NUMBER_OBJECT_CONVERSION = YES_AGGRESSIVE;
				CLANG_CXX_LANGUAGE_STANDARD = "gnu++14";
				CLANG_CXX_LIBRARY = "libc++";
				CLANG_ENABLE_MODULES = YES;
				CLANG_ENABLE_OBJC_ARC = YES;
				CLANG_WARN_BLOCK_CAPTURE_AUTORELEASING = YES;
				CLANG_WARN_BOOL_CONVERSION = YES;
				CLANG_WARN_COMMA = YES;
				CLANG_WARN_CONSTANT_CONVERSION = YES;
				CLANG_WARN_DIRECT_OBJC_ISA_USAGE = YES_ERROR;
				CLANG_WARN_DOCUMENTATION_COMMENTS = YES;
				CLANG_WARN_EMPTY_BODY = YES;
				CLANG_WARN_ENUM_CONVERSION = YES;
				CLANG_WARN_INFINITE_RECURSION = YES;
				CLANG_WARN_INT_CONVERSION = YES;
				CLANG_WARN_NON_LITERAL_NULL_CONVERSION = YES;
				CLANG_WARN_OBJC_LITERAL_CONVERSION = YES;
				CLANG_WARN_OBJC_ROOT_CLASS = YES_ERROR;
				CLANG_WARN_RANGE_LOOP_ANALYSIS = YES;
				CLANG_WARN_STRICT_PROTOTYPES = YES;
				CLANG_WARN_SUSPICIOUS_MOVE = YES;
				CLANG_WARN_UNGUARDED_AVAILABILITY = YES_AGGRESSIVE;
				CLANG_WARN_UNREACHABLE_CODE = YES;
				CLANG_WARN__DUPLICATE_METHOD_MATCH = YES;
				CODE_SIGN_IDENTITY = "iPhone Developer";
				COPY_PHASE_STRIP = NO;
				DEBUG_INFORMATION_FORMAT = dwarf;
				ENABLE_STRICT_OBJC_MSGSEND = YES;
				ENABLE_TESTABILITY = YES;
				GCC_C_LANGUAGE_STANDARD = gnu11;
				GCC_DYNAMIC_NO_PIC = NO;
				GCC_NO_COMMON_BLOCKS = YES;
				GCC_OPTIMIZATION_LEVEL = 0;
				GCC_PREPROCESSOR_DEFINITIONS = (
					"DEBUG=1",
					"$(inherited)",
				);
				GCC_WARN_64_TO_32_BIT_CONVERSION = YES;
				GCC_WARN_ABOUT_RETURN_TYPE = YES_ERROR;
				GCC_WARN_UNDECLARED_SELECTOR = YES;
				GCC_WARN_UNINITIALIZED_AUTOS = YES_AGGRESSIVE;
				GCC_WARN_UNUSED_FUNCTION = YES;
				GCC_WARN_UNUSED_VARIABLE = YES;
				IPHONEOS_DEPLOYMENT_TARGET = 11.1;
				MTL_ENABLE_DEBUG_INFO = YES;
				ONLY_ACTIVE_ARCH = YES;
				SDKROOT = iphoneos;
			};
			name = Debug;
		};
		8967C6A11FBB8BE3001F1A32 /* Release */ = {
			isa = XCBuildConfiguration;
			buildSettings = {
				ALWAYS_SEARCH_USER_PATHS = NO;
				CLANG_ANALYZER_NONNULL = YES;
				CLANG_ANALYZER_NUMBER_OBJECT_CONVERSION = YES_AGGRESSIVE;
				CLANG_CXX_LANGUAGE_STANDARD = "gnu++14";
				CLANG_CXX_LIBRARY = "libc++";
				CLANG_ENABLE_MODULES = YES;
				CLANG_ENABLE_OBJC_ARC = YES;
				CLANG_WARN_BLOCK_CAPTURE_AUTORELEASING = YES;
				CLANG_WARN_BOOL_CONVERSION = YES;
				CLANG_WARN_COMMA = YES;
				CLANG_WARN_CONSTANT_CONVERSION = YES;
				CLANG_WARN_DIRECT_OBJC_ISA_USAGE = YES_ERROR;
				CLANG_WARN_DOCUMENTATION_COMMENTS = YES;
				CLANG_WARN_EMPTY_BODY = YES;
				CLANG_WARN_ENUM_CONVERSION = YES;
				CLANG_WARN_INFINITE_RECURSION = YES;
				CLANG_WARN_INT_CONVERSION = YES;
				CLANG_WARN_NON_LITERAL_NULL_CONVERSION = YES;
				CLANG_WARN_OBJC_LITERAL_CONVERSION = YES;
				CLANG_WARN_OBJC_ROOT_CLASS = YES_ERROR;
				CLANG_WARN_RANGE_LOOP_ANALYSIS = YES;
				CLANG_WARN_STRICT_PROTOTYPES = YES;
				CLANG_WARN_SUSPICIOUS_MOVE = YES;
				CLANG_WARN_UNGUARDED_AVAILABILITY = YES_AGGRESSIVE;
				CLANG_WARN_UNREACHABLE_CODE = YES;
				CLANG_WARN__DUPLICATE_METHOD_MATCH = YES;
				CODE_SIGN_IDENTITY = "iPhone Developer";
				COPY_PHASE_STRIP = NO;
				DEBUG_INFORMATION_FORMAT = "dwarf-with-dsym";
				ENABLE_NS_ASSERTIONS = NO;
				ENABLE_STRICT_OBJC_MSGSEND = YES;
				GCC_C_LANGUAGE_STANDARD = gnu11;
				GCC_NO_COMMON_BLOCKS = YES;
				GCC_WARN_64_TO_32_BIT_CONVERSION = YES;
				GCC_WARN_ABOUT_RETURN_TYPE = YES_ERROR;
				GCC_WARN_UNDECLARED_SELECTOR = YES;
				GCC_WARN_UNINITIALIZED_AUTOS = YES_AGGRESSIVE;
				GCC_WARN_UNUSED_FUNCTION = YES;
				GCC_WARN_UNUSED_VARIABLE = YES;
				IPHONEOS_DEPLOYMENT_TARGET = 11.1;
				MTL_ENABLE_DEBUG_INFO = NO;
				SDKROOT = iphoneos;
				VALIDATE_PRODUCT = YES;
			};
			name = Release;
		};
		8967C6A31FBB8BE3001F1A32 /* Debug */ = {
			isa = XCBuildConfiguration;
			buildSettings = {
				ASSETCATALOG_COMPILER_APPICON_NAME = AppIcon;
				CODE_SIGN_STYLE = Automatic;
				DEVELOPMENT_TEAM = 997RL2KYD9;
				INFOPLIST_FILE = Hypnosister/Info.plist;
				LD_RUNPATH_SEARCH_PATHS = "$(inherited) @executable_path/Frameworks";
				PRODUCT_BUNDLE_IDENTIFIER = com.jeffripke.Hypnosister;
				PRODUCT_NAME = "$(TARGET_NAME)";
				TARGETED_DEVICE_FAMILY = "1,2";
			};
			name = Debug;
		};
		8967C6A41FBB8BE3001F1A32 /* Release */ = {
			isa = XCBuildConfiguration;
			buildSettings = {
				ASSETCATALOG_COMPILER_APPICON_NAME = AppIcon;
				CODE_SIGN_STYLE = Automatic;
				DEVELOPMENT_TEAM = 997RL2KYD9;
				INFOPLIST_FILE = Hypnosister/Info.plist;
				LD_RUNPATH_SEARCH_PATHS = "$(inherited) @executable_path/Frameworks";
				PRODUCT_BUNDLE_IDENTIFIER = com.jeffripke.Hypnosister;
				PRODUCT_NAME = "$(TARGET_NAME)";
				TARGETED_DEVICE_FAMILY = "1,2";
			};
			name = Release;
		};
/* End XCBuildConfiguration section */

/* Begin XCConfigurationList section */
		8967C6871FBB8BE3001F1A32 /* Build configuration list for PBXProject "Hypnosister" */ = {
			isa = XCConfigurationList;
			buildConfigurations = (
				8967C6A01FBB8BE3001F1A32 /* Debug */,
				8967C6A11FBB8BE3001F1A32 /* Release */,
			);
			defaultConfigurationIsVisible = 0;
			defaultConfigurationName = Release;
		};
		8967C6A21FBB8BE3001F1A32 /* Build configuration list for PBXNativeTarget "Hypnosister" */ = {
			isa = XCConfigurationList;
			buildConfigurations = (
				8967C6A31FBB8BE3001F1A32 /* Debug */,
				8967C6A41FBB8BE3001F1A32 /* Release */,
			);
			defaultConfigurationIsVisible = 0;
			defaultConfigurationName = Release;
		};
/* End XCConfigurationList section */
	};
	rootObject = 8967C6841FBB8BE3001F1A32 /* Project object */;
}
